
Microsoft Visual Studio Solution File, Format Version 12.00
# Visual Studio Version 16
VisualStudioVersion = 16.0.32413.511
MinimumVisualStudioVersion = 10.0.40219.1
Project("{FAE04EC0-301F-11D3-BF4B-00C04F79EFBC}") = "WebFormApplication", "WebFormApplication.csproj", "{1030EBF9-234D-4409-8A73-9622E3FFC66F}"
EndProject
Global
	GlobalSection(SolutionConfigurationPlatforms) = preSolution
		Debug|Any CPU = Debug|Any CPU
		Release|Any CPU = Release|Any CPU
	EndGlobalSection
	GlobalSection(ProjectConfigurationPlatforms) = postSolution
		{1030EBF9-234D-4409-8A73-9622E3FFC66F}.Debug|Any CPU.ActiveCfg = Debug|Any CPU
		{1030EBF9-234D-4409-8A73-9622E3FFC66F}.Debug|Any CPU.Build.0 = Debug|Any CPU
		{1030EBF9-234D-4409-8A73-9622E3FFC66F}.Release|Any CPU.ActiveCfg = Release|Any CPU
		{1030EBF9-234D-4409-8A73-9622E3FFC66F}.Release|Any CPU.Build.0 = Release|Any CPU
	EndGlobalSection
	GlobalSection(SolutionProperties) = preSolution
		HideSolutionNode = FALSE
	EndGlobalSection
	GlobalSection(ExtensibilityGlobals) = postSolution
		SolutionGuid = {EAD23EC0-E6C5-4108-88C0-C439A1659815}
	EndGlobalSection
EndGlobal
